
Microsoft Visual Studio Solution File, Format Version 12.00
# Visual Studio Version 16
VisualStudioVersion = 16.0.31729.503
MinimumVisualStudioVersion = 10.0.40219.1
Project("{FAE04EC0-301F-11D3-BF4B-00C04F79EFBC}") = "PopupTry", "PopupTry\PopupTry.csproj", "{14AAB372-86E2-42C3-8B9E-8176C66F10ED}"
EndProject
Global
	GlobalSection(SolutionConfigurationPlatforms) = preSolution
		Debug|Any CPU = Debug|Any CPU
		Release|Any CPU = Release|Any CPU
	EndGlobalSection
	GlobalSection(ProjectConfigurationPlatforms) = postSolution
		{14AAB372-86E2-42C3-8B9E-8176C66F10ED}.Debug|Any CPU.ActiveCfg = Debug|Any CPU
		{14AAB372-86E2-42C3-8B9E-8176C66F10ED}.Debug|Any CPU.Build.0 = Debug|Any CPU
		{14AAB372-86E2-42C3-8B9E-8176C66F10ED}.Release|Any CPU.ActiveCfg = Release|Any CPU
		{14AAB372-86E2-42C3-8B9E-8176C66F10ED}.Release|Any CPU.Build.0 = Release|Any CPU
	EndGlobalSection
	GlobalSection(SolutionProperties) = preSolution
		HideSolutionNode = FALSE
	EndGlobalSection
	GlobalSection(ExtensibilityGlobals) = postSolution
		SolutionGuid = {EAAFF800-BA1B-45B7-B98C-4AD7B1BC9240}
	EndGlobalSection
EndGlobal
