
Microsoft Visual Studio Solution File, Format Version 12.00
# Visual Studio Version 16
VisualStudioVersion = 16.0.31729.503
MinimumVisualStudioVersion = 10.0.40219.1
Project("{FAE04EC0-301F-11D3-BF4B-00C04F79EFBC}") = "ProcessTest", "ProcessTest\ProcessTest.csproj", "{512C2099-1AA2-4550-840E-BDD0399CE4CB}"
EndProject
Global
	GlobalSection(SolutionConfigurationPlatforms) = preSolution
		Debug|Any CPU = Debug|Any CPU
		Release|Any CPU = Release|Any CPU
	EndGlobalSection
	GlobalSection(ProjectConfigurationPlatforms) = postSolution
		{512C2099-1AA2-4550-840E-BDD0399CE4CB}.Debug|Any CPU.ActiveCfg = Debug|Any CPU
		{512C2099-1AA2-4550-840E-BDD0399CE4CB}.Debug|Any CPU.Build.0 = Debug|Any CPU
		{512C2099-1AA2-4550-840E-BDD0399CE4CB}.Release|Any CPU.ActiveCfg = Release|Any CPU
		{512C2099-1AA2-4550-840E-BDD0399CE4CB}.Release|Any CPU.Build.0 = Release|Any CPU
	EndGlobalSection
	GlobalSection(SolutionProperties) = preSolution
		HideSolutionNode = FALSE
	EndGlobalSection
	GlobalSection(ExtensibilityGlobals) = postSolution
		SolutionGuid = {4C171804-7FA7-4283-AB02-E3DF38FA145B}
	EndGlobalSection
EndGlobal
