
Microsoft Visual Studio Solution File, Format Version 12.00
# Visual Studio Version 16
VisualStudioVersion = 16.0.32126.315
MinimumVisualStudioVersion = 10.0.40219.1
Project("{FAE04EC0-301F-11D3-BF4B-00C04F79EFBC}") = "CultureTry", "CultureTry\CultureTry.csproj", "{28FDBBDB-77BF-438F-98B6-23B3BA3EE44D}"
EndProject
Global
	GlobalSection(SolutionConfigurationPlatforms) = preSolution
		Debug|Any CPU = Debug|Any CPU
		Debug|x64 = Debug|x64
		Release|Any CPU = Release|Any CPU
		Release|x64 = Release|x64
	EndGlobalSection
	GlobalSection(ProjectConfigurationPlatforms) = postSolution
		{28FDBBDB-77BF-438F-98B6-23B3BA3EE44D}.Debug|Any CPU.ActiveCfg = Debug|Any CPU
		{28FDBBDB-77BF-438F-98B6-23B3BA3EE44D}.Debug|Any CPU.Build.0 = Debug|Any CPU
		{28FDBBDB-77BF-438F-98B6-23B3BA3EE44D}.Debug|x64.ActiveCfg = Debug|x64
		{28FDBBDB-77BF-438F-98B6-23B3BA3EE44D}.Debug|x64.Build.0 = Debug|x64
		{28FDBBDB-77BF-438F-98B6-23B3BA3EE44D}.Release|Any CPU.ActiveCfg = Release|Any CPU
		{28FDBBDB-77BF-438F-98B6-23B3BA3EE44D}.Release|Any CPU.Build.0 = Release|Any CPU
		{28FDBBDB-77BF-438F-98B6-23B3BA3EE44D}.Release|x64.ActiveCfg = Release|x64
		{28FDBBDB-77BF-438F-98B6-23B3BA3EE44D}.Release|x64.Build.0 = Release|x64
	EndGlobalSection
	GlobalSection(SolutionProperties) = preSolution
		HideSolutionNode = FALSE
	EndGlobalSection
	GlobalSection(ExtensibilityGlobals) = postSolution
		SolutionGuid = {46D62B54-5A65-460A-AC78-5C1A7DCEB131}
	EndGlobalSection
EndGlobal
