
Microsoft Visual Studio Solution File, Format Version 12.00
# Visual Studio Version 16
VisualStudioVersion = 16.0.31729.503
MinimumVisualStudioVersion = 10.0.40219.1
Project("{FAE04EC0-301F-11D3-BF4B-00C04F79EFBC}") = "HangTest", "HangTest\HangTest.csproj", "{88CB6E43-8D0A-46D8-836C-541219BFED2E}"
EndProject
Global
	GlobalSection(SolutionConfigurationPlatforms) = preSolution
		Debug|Any CPU = Debug|Any CPU
		Release|Any CPU = Release|Any CPU
	EndGlobalSection
	GlobalSection(ProjectConfigurationPlatforms) = postSolution
		{88CB6E43-8D0A-46D8-836C-541219BFED2E}.Debug|Any CPU.ActiveCfg = Debug|Any CPU
		{88CB6E43-8D0A-46D8-836C-541219BFED2E}.Debug|Any CPU.Build.0 = Debug|Any CPU
		{88CB6E43-8D0A-46D8-836C-541219BFED2E}.Release|Any CPU.ActiveCfg = Release|Any CPU
		{88CB6E43-8D0A-46D8-836C-541219BFED2E}.Release|Any CPU.Build.0 = Release|Any CPU
	EndGlobalSection
	GlobalSection(SolutionProperties) = preSolution
		HideSolutionNode = FALSE
	EndGlobalSection
	GlobalSection(ExtensibilityGlobals) = postSolution
		SolutionGuid = {413FB15F-890D-4886-9F72-36D1D8D1A660}
	EndGlobalSection
EndGlobal
