
Microsoft Visual Studio Solution File, Format Version 12.00
# Visual Studio Version 16
VisualStudioVersion = 16.0.31729.503
MinimumVisualStudioVersion = 10.0.40219.1
Project("{FAE04EC0-301F-11D3-BF4B-00C04F79EFBC}") = "textTrimTest", "textTrimTest\textTrimTest.csproj", "{4DFDCD27-B601-4171-B4D5-D1A2A73853F0}"
EndProject
Global
	GlobalSection(SolutionConfigurationPlatforms) = preSolution
		Debug|Any CPU = Debug|Any CPU
		Release|Any CPU = Release|Any CPU
	EndGlobalSection
	GlobalSection(ProjectConfigurationPlatforms) = postSolution
		{4DFDCD27-B601-4171-B4D5-D1A2A73853F0}.Debug|Any CPU.ActiveCfg = Debug|Any CPU
		{4DFDCD27-B601-4171-B4D5-D1A2A73853F0}.Debug|Any CPU.Build.0 = Debug|Any CPU
		{4DFDCD27-B601-4171-B4D5-D1A2A73853F0}.Release|Any CPU.ActiveCfg = Release|Any CPU
		{4DFDCD27-B601-4171-B4D5-D1A2A73853F0}.Release|Any CPU.Build.0 = Release|Any CPU
	EndGlobalSection
	GlobalSection(SolutionProperties) = preSolution
		HideSolutionNode = FALSE
	EndGlobalSection
	GlobalSection(ExtensibilityGlobals) = postSolution
		SolutionGuid = {9AF1C1C5-E25D-4823-BBDC-5E2D2FC71C50}
	EndGlobalSection
EndGlobal
