
Microsoft Visual Studio Solution File, Format Version 12.00
# Visual Studio Version 16
VisualStudioVersion = 16.0.31729.503
MinimumVisualStudioVersion = 10.0.40219.1
Project("{FAE04EC0-301F-11D3-BF4B-00C04F79EFBC}") = "DLLCrashTry", "DLLCrashTry\DLLCrashTry.csproj", "{A4970488-3386-4240-873C-0618AD2FAED1}"
EndProject
Project("{8BC9CEB8-8B4A-11D0-8D11-00A0C91BC942}") = "Crash", "Crash\Crash.vcxproj", "{119A5E24-2925-4305-A560-9E12BD477FE8}"
EndProject
Project("{C7167F0D-BC9F-4E6E-AFE1-012C56B48DB5}") = "WapProjTemplate1", "WapProjTemplate1\WapProjTemplate1.wapproj", "{84852832-120A-441A-90D9-93DD3DF62B28}"
EndProject
Global
	GlobalSection(SolutionConfigurationPlatforms) = preSolution
		Debug|Any CPU = Debug|Any CPU
		Debug|ARM = Debug|ARM
		Debug|ARM64 = Debug|ARM64
		Debug|x64 = Debug|x64
		Debug|x86 = Debug|x86
		Release|Any CPU = Release|Any CPU
		Release|ARM = Release|ARM
		Release|ARM64 = Release|ARM64
		Release|x64 = Release|x64
		Release|x86 = Release|x86
	EndGlobalSection
	GlobalSection(ProjectConfigurationPlatforms) = postSolution
		{A4970488-3386-4240-873C-0618AD2FAED1}.Debug|Any CPU.ActiveCfg = Debug|Any CPU
		{A4970488-3386-4240-873C-0618AD2FAED1}.Debug|Any CPU.Build.0 = Debug|Any CPU
		{A4970488-3386-4240-873C-0618AD2FAED1}.Debug|ARM.ActiveCfg = Debug|Any CPU
		{A4970488-3386-4240-873C-0618AD2FAED1}.Debug|ARM.Build.0 = Debug|Any CPU
		{A4970488-3386-4240-873C-0618AD2FAED1}.Debug|ARM64.ActiveCfg = Debug|Any CPU
		{A4970488-3386-4240-873C-0618AD2FAED1}.Debug|ARM64.Build.0 = Debug|Any CPU
		{A4970488-3386-4240-873C-0618AD2FAED1}.Debug|x64.ActiveCfg = Debug|x64
		{A4970488-3386-4240-873C-0618AD2FAED1}.Debug|x64.Build.0 = Debug|x64
		{A4970488-3386-4240-873C-0618AD2FAED1}.Debug|x86.ActiveCfg = Debug|Any CPU
		{A4970488-3386-4240-873C-0618AD2FAED1}.Debug|x86.Build.0 = Debug|Any CPU
		{A4970488-3386-4240-873C-0618AD2FAED1}.Release|Any CPU.ActiveCfg = Release|Any CPU
		{A4970488-3386-4240-873C-0618AD2FAED1}.Release|Any CPU.Build.0 = Release|Any CPU
		{A4970488-3386-4240-873C-0618AD2FAED1}.Release|ARM.ActiveCfg = Release|Any CPU
		{A4970488-3386-4240-873C-0618AD2FAED1}.Release|ARM.Build.0 = Release|Any CPU
		{A4970488-3386-4240-873C-0618AD2FAED1}.Release|ARM64.ActiveCfg = Release|Any CPU
		{A4970488-3386-4240-873C-0618AD2FAED1}.Release|ARM64.Build.0 = Release|Any CPU
		{A4970488-3386-4240-873C-0618AD2FAED1}.Release|x64.ActiveCfg = Release|x64
		{A4970488-3386-4240-873C-0618AD2FAED1}.Release|x64.Build.0 = Release|x64
		{A4970488-3386-4240-873C-0618AD2FAED1}.Release|x86.ActiveCfg = Release|Any CPU
		{A4970488-3386-4240-873C-0618AD2FAED1}.Release|x86.Build.0 = Release|Any CPU
		{119A5E24-2925-4305-A560-9E12BD477FE8}.Debug|Any CPU.ActiveCfg = Debug|Win32
		{119A5E24-2925-4305-A560-9E12BD477FE8}.Debug|ARM.ActiveCfg = Debug|Win32
		{119A5E24-2925-4305-A560-9E12BD477FE8}.Debug|ARM64.ActiveCfg = Debug|Win32
		{119A5E24-2925-4305-A560-9E12BD477FE8}.Debug|x64.ActiveCfg = Debug|x64
		{119A5E24-2925-4305-A560-9E12BD477FE8}.Debug|x64.Build.0 = Debug|x64
		{119A5E24-2925-4305-A560-9E12BD477FE8}.Debug|x86.ActiveCfg = Debug|Win32
		{119A5E24-2925-4305-A560-9E12BD477FE8}.Debug|x86.Build.0 = Debug|Win32
		{119A5E24-2925-4305-A560-9E12BD477FE8}.Release|Any CPU.ActiveCfg = Release|Win32
		{119A5E24-2925-4305-A560-9E12BD477FE8}.Release|ARM.ActiveCfg = Release|Win32
		{119A5E24-2925-4305-A560-9E12BD477FE8}.Release|ARM64.ActiveCfg = Release|Win32
		{119A5E24-2925-4305-A560-9E12BD477FE8}.Release|x64.ActiveCfg = Release|x64
		{119A5E24-2925-4305-A560-9E12BD477FE8}.Release|x64.Build.0 = Release|x64
		{119A5E24-2925-4305-A560-9E12BD477FE8}.Release|x86.ActiveCfg = Release|Win32
		{119A5E24-2925-4305-A560-9E12BD477FE8}.Release|x86.Build.0 = Release|Win32
		{84852832-120A-441A-90D9-93DD3DF62B28}.Debug|Any CPU.ActiveCfg = Debug|Any CPU
		{84852832-120A-441A-90D9-93DD3DF62B28}.Debug|Any CPU.Build.0 = Debug|Any CPU
		{84852832-120A-441A-90D9-93DD3DF62B28}.Debug|Any CPU.Deploy.0 = Debug|Any CPU
		{84852832-120A-441A-90D9-93DD3DF62B28}.Debug|ARM.ActiveCfg = Debug|ARM
		{84852832-120A-441A-90D9-93DD3DF62B28}.Debug|ARM.Build.0 = Debug|ARM
		{84852832-120A-441A-90D9-93DD3DF62B28}.Debug|ARM.Deploy.0 = Debug|ARM
		{84852832-120A-441A-90D9-93DD3DF62B28}.Debug|ARM64.ActiveCfg = Debug|ARM64
		{84852832-120A-441A-90D9-93DD3DF62B28}.Debug|ARM64.Build.0 = Debug|ARM64
		{84852832-120A-441A-90D9-93DD3DF62B28}.Debug|ARM64.Deploy.0 = Debug|ARM64
		{84852832-120A-441A-90D9-93DD3DF62B28}.Debug|x64.ActiveCfg = Debug|x64
		{84852832-120A-441A-90D9-93DD3DF62B28}.Debug|x64.Build.0 = Debug|x64
		{84852832-120A-441A-90D9-93DD3DF62B28}.Debug|x64.Deploy.0 = Debug|x64
		{84852832-120A-441A-90D9-93DD3DF62B28}.Debug|x86.ActiveCfg = Debug|x86
		{84852832-120A-441A-90D9-93DD3DF62B28}.Debug|x86.Build.0 = Debug|x86
		{84852832-120A-441A-90D9-93DD3DF62B28}.Debug|x86.Deploy.0 = Debug|x86
		{84852832-120A-441A-90D9-93DD3DF62B28}.Release|Any CPU.ActiveCfg = Release|Any CPU
		{84852832-120A-441A-90D9-93DD3DF62B28}.Release|Any CPU.Build.0 = Release|Any CPU
		{84852832-120A-441A-90D9-93DD3DF62B28}.Release|Any CPU.Deploy.0 = Release|Any CPU
		{84852832-120A-441A-90D9-93DD3DF62B28}.Release|ARM.ActiveCfg = Release|ARM
		{84852832-120A-441A-90D9-93DD3DF62B28}.Release|ARM.Build.0 = Release|ARM
		{84852832-120A-441A-90D9-93DD3DF62B28}.Release|ARM.Deploy.0 = Release|ARM
		{84852832-120A-441A-90D9-93DD3DF62B28}.Release|ARM64.ActiveCfg = Release|ARM64
		{84852832-120A-441A-90D9-93DD3DF62B28}.Release|ARM64.Build.0 = Release|ARM64
		{84852832-120A-441A-90D9-93DD3DF62B28}.Release|ARM64.Deploy.0 = Release|ARM64
		{84852832-120A-441A-90D9-93DD3DF62B28}.Release|x64.ActiveCfg = Release|x64
		{84852832-120A-441A-90D9-93DD3DF62B28}.Release|x64.Build.0 = Release|x64
		{84852832-120A-441A-90D9-93DD3DF62B28}.Release|x64.Deploy.0 = Release|x64
		{84852832-120A-441A-90D9-93DD3DF62B28}.Release|x86.ActiveCfg = Release|x86
		{84852832-120A-441A-90D9-93DD3DF62B28}.Release|x86.Build.0 = Release|x86
		{84852832-120A-441A-90D9-93DD3DF62B28}.Release|x86.Deploy.0 = Release|x86
	EndGlobalSection
	GlobalSection(SolutionProperties) = preSolution
		HideSolutionNode = FALSE
	EndGlobalSection
	GlobalSection(ExtensibilityGlobals) = postSolution
		SolutionGuid = {D1245292-565B-433F-A372-3B4D5F33B6F4}
	EndGlobalSection
EndGlobal
